
Microsoft Visual Studio Solution File, Format Version 12.00
# Visual Studio 2012
Project("{8BC9CEB8-8B4A-11D0-8D11-00A0C91BC942}") = "binary", "binary\binary.vcxproj", "{094555FC-0AAF-4B18-8291-350217E37D2B}"
EndProject
Global
	GlobalSection(SolutionConfigurationPlatforms) = preSolution
		Debug|Win32 = Debug|Win32
		Release|Win32 = Release|Win32
	EndGlobalSection
	GlobalSection(ProjectConfigurationPlatforms) = postSolution
		{094555FC-0AAF-4B18-8291-350217E37D2B}.Debug|Win32.ActiveCfg = Debug|Win32
		{094555FC-0AAF-4B18-8291-350217E37D2B}.Debug|Win32.Build.0 = Debug|Win32
		{094555FC-0AAF-4B18-8291-350217E37D2B}.Release|Win32.ActiveCfg = Release|Win32
		{094555FC-0AAF-4B18-8291-350217E37D2B}.Release|Win32.Build.0 = Release|Win32
	EndGlobalSection
	GlobalSection(SolutionProperties) = preSolution
		HideSolutionNode = FALSE
	EndGlobalSection
EndGlobal
