
Microsoft Visual Studio Solution File, Format Version 12.00
# Visual Studio 2012
Project("{8BC9CEB8-8B4A-11D0-8D11-00A0C91BC942}") = "日期差计算", "日期差计算\日期差计算.vcxproj", "{1D1AF599-E38D-4A41-BDD1-C79C1F7C2EC5}"
EndProject
Global
	GlobalSection(SolutionConfigurationPlatforms) = preSolution
		Debug|Win32 = Debug|Win32
		Release|Win32 = Release|Win32
	EndGlobalSection
	GlobalSection(ProjectConfigurationPlatforms) = postSolution
		{1D1AF599-E38D-4A41-BDD1-C79C1F7C2EC5}.Debug|Win32.ActiveCfg = Debug|Win32
		{1D1AF599-E38D-4A41-BDD1-C79C1F7C2EC5}.Debug|Win32.Build.0 = Debug|Win32
		{1D1AF599-E38D-4A41-BDD1-C79C1F7C2EC5}.Release|Win32.ActiveCfg = Release|Win32
		{1D1AF599-E38D-4A41-BDD1-C79C1F7C2EC5}.Release|Win32.Build.0 = Release|Win32
	EndGlobalSection
	GlobalSection(SolutionProperties) = preSolution
		HideSolutionNode = FALSE
	EndGlobalSection
EndGlobal
