
Microsoft Visual Studio Solution File, Format Version 12.00
# Visual Studio 2012
Project("{8BC9CEB8-8B4A-11D0-8D11-00A0C91BC942}") = "poluadd", "poluadd\poluadd.vcxproj", "{6BD5A95C-B0AD-4009-A2BB-3073423C3E65}"
EndProject
Global
	GlobalSection(SolutionConfigurationPlatforms) = preSolution
		Debug|Win32 = Debug|Win32
		Release|Win32 = Release|Win32
	EndGlobalSection
	GlobalSection(ProjectConfigurationPlatforms) = postSolution
		{6BD5A95C-B0AD-4009-A2BB-3073423C3E65}.Debug|Win32.ActiveCfg = Debug|Win32
		{6BD5A95C-B0AD-4009-A2BB-3073423C3E65}.Debug|Win32.Build.0 = Debug|Win32
		{6BD5A95C-B0AD-4009-A2BB-3073423C3E65}.Release|Win32.ActiveCfg = Release|Win32
		{6BD5A95C-B0AD-4009-A2BB-3073423C3E65}.Release|Win32.Build.0 = Release|Win32
	EndGlobalSection
	GlobalSection(SolutionProperties) = preSolution
		HideSolutionNode = FALSE
	EndGlobalSection
EndGlobal
